# dependencies.lock — releases/01.50-prop-room
# Release v1.5 "prop room" (M21-M25), branch release/01.50-prop-room
# Code lives in ext repo rosetta-extensions @ tags prop-room-m21..prop-room-m25
# Generated by close-release Phase 0 supply-chain audit (2026-06-14).
#
# Vuln scan: govulncheck ./... per module, scanned against the pinned go1.25.11 stdlib.
#   RESULT: "No vulnerabilities found" on ALL 4 modules. 0 called CVEs (third-party OR stdlib).
#   The 12 prior stdlib advisories (DoS/parsing-class @ go1.25.3) are cleared by the M24
#   `toolchain go1.25.11` pin. govulncheck binary: golang.org/x/vuln/cmd/govulncheck@latest.
# Licenses: all permissive (MIT/BSD-2/BSD-3/Apache-2.0/ISC). One MPL-2.0 (hashicorp/golang-lru/v2)
#   = weak file-level copyleft, NOT GPL/AGPL, distribution-safe, and not compiled in (transitive-only).
#   No GPL/AGPL anywhere in the tree. No license incompatibility.
# Gate: GREEN.

[module: anthropos.dev/alignment]                @ ext/alignment
  go 1.25.0
  toolchain go1.25.11
  direct deps: (none — pure stdlib)
  govulncheck: 0 vulns

[module: clerkenstein]                            @ ext/clerkenstein
  go 1.25.0
  toolchain go1.25.11
  ci toolchain pin: .github/workflows/alignment.yml -> setup-go go-version "1.25.11"
  direct deps:
    github.com/anthropos-work/colony      v0.34.3   (private; resolved+scanned)
    github.com/clerk/clerk-sdk-go/v2      v2.6.0     MIT
    github.com/google/uuid                v1.6.0     BSD-3
    github.com/svix/svix-webhooks         v1.93.0    MIT
  indirect (declared in go.mod):
    github.com/go-jose/go-jose/v3         v3.0.5     Apache-2.0
    golang.org/x/crypto                   v0.51.0    BSD-3
  govulncheck: 0 vulns (14 root pkgs; colony graph analyzed)
  note: hashicorp/golang-lru/v2 v2.0.7 (MPL-2.0) appears in the transitive graph via colony
        but `go mod why` = main module does not need the package (not compiled in).

[module: github.com/anthropos-work/rosetta-extensions/stack-snapshot]  @ ext/stack-snapshot
  go 1.25.0
  toolchain go1.25.11
  direct deps:
    github.com/jackc/pgx/v5               v5.9.2     MIT
  indirect:
    github.com/jackc/pgpassfile           v1.0.0     MIT
    github.com/jackc/pgservicefile        v0.0.0-20240606120523-5a60cdf6a761  MIT
    github.com/jackc/puddle/v2            v2.2.2     MIT
    golang.org/x/sync                     v0.17.0    BSD-3
    golang.org/x/text                     v0.29.0    BSD-3
  govulncheck: 0 vulns

[module: github.com/anthropos-work/rosetta-extensions/stack-seeding]   @ ext/stack-seeding
  go 1.25.0
  toolchain go1.25.11
  direct deps:
    github.com/jackc/pgx/v5               v5.9.2     MIT
    gopkg.in/yaml.v3                      v3.0.1     Apache-2.0 / MIT
  indirect:
    github.com/jackc/pgpassfile           v1.0.0     MIT
    github.com/jackc/pgservicefile        v0.0.0-20240606120523-5a60cdf6a761  MIT
    github.com/jackc/puddle/v2            v2.2.2     MIT
    github.com/kr/text                    v0.2.0     MIT
    github.com/rogpeppe/go-internal       v1.15.0    BSD-3
    golang.org/x/sync                     v0.17.0    BSD-3
    golang.org/x/text                     v0.29.0    BSD-3
  govulncheck: 0 vulns

# Toolchain pin coverage: 5/5 (4 go.mod + clerkenstein CI). All present.
# Called third-party CVEs: 0.  Called stdlib CVEs (post-pin): 0.  Copyleft GPL/AGPL: none.
